
Microsoft Visual Studio Solution File, Format Version 12.00
# Visual Studio Version 16
VisualStudioVersion = 16.0.30011.22
MinimumVisualStudioVersion = 10.0.40219.1
Project("{888888A0-9F3D-457C-B088-3A5042F75D52}") = "sample5", "sample5.pyproj", "{5C5F027F-2239-4C6D-B68F-97D9A4D31595}"
EndProject
Global
	GlobalSection(SolutionConfigurationPlatforms) = preSolution
		Debug|Any CPU = Debug|Any CPU
		Release|Any CPU = Release|Any CPU
	EndGlobalSection
	GlobalSection(ProjectConfigurationPlatforms) = postSolution
		{5C5F027F-2239-4C6D-B68F-97D9A4D31595}.Debug|Any CPU.ActiveCfg = Debug|Any CPU
		{5C5F027F-2239-4C6D-B68F-97D9A4D31595}.Release|Any CPU.ActiveCfg = Release|Any CPU
	EndGlobalSection
	GlobalSection(SolutionProperties) = preSolution
		HideSolutionNode = FALSE
	EndGlobalSection
	GlobalSection(ExtensibilityGlobals) = postSolution
		SolutionGuid = {AB2DAB54-7FBC-4928-A0B9-E03C1ECBC0DE}
	EndGlobalSection
EndGlobal
